
Microsoft Visual Studio Solution File, Format Version 12.00
# Visual Studio Version 17
VisualStudioVersion = 17.7.34221.43
MinimumVisualStudioVersion = 10.0.40219.1
Project("{9A19103F-16F7-4668-BE54-9A1E7A4F7556}") = "SpotifyProjectClassLibrary", "SpotifyProjectClassLibrary\SpotifyProjectClassLibrary.csproj", "{74331055-D0F5-44EB-9FAC-A1518AA098B9}"
EndProject
Project("{FAE04EC0-301F-11D3-BF4B-00C04F79EFBC}") = "SpotifyConsoleApp", "SpotifyConsoleApp\SpotifyConsoleApp.csproj", "{A7980D6E-B1B5-4EE2-8D0D-1EFF52C3BDEA}"
EndProject
Global
	GlobalSection(SolutionConfigurationPlatforms) = preSolution
		Debug|Any CPU = Debug|Any CPU
		Release|Any CPU = Release|Any CPU
	EndGlobalSection
	GlobalSection(ProjectConfigurationPlatforms) = postSolution
		{74331055-D0F5-44EB-9FAC-A1518AA098B9}.Debug|Any CPU.ActiveCfg = Debug|Any CPU
		{74331055-D0F5-44EB-9FAC-A1518AA098B9}.Debug|Any CPU.Build.0 = Debug|Any CPU
		{74331055-D0F5-44EB-9FAC-A1518AA098B9}.Release|Any CPU.ActiveCfg = Release|Any CPU
		{74331055-D0F5-44EB-9FAC-A1518AA098B9}.Release|Any CPU.Build.0 = Release|Any CPU
		{A7980D6E-B1B5-4EE2-8D0D-1EFF52C3BDEA}.Debug|Any CPU.ActiveCfg = Debug|Any CPU
		{A7980D6E-B1B5-4EE2-8D0D-1EFF52C3BDEA}.Debug|Any CPU.Build.0 = Debug|Any CPU
		{A7980D6E-B1B5-4EE2-8D0D-1EFF52C3BDEA}.Release|Any CPU.ActiveCfg = Release|Any CPU
		{A7980D6E-B1B5-4EE2-8D0D-1EFF52C3BDEA}.Release|Any CPU.Build.0 = Release|Any CPU
	EndGlobalSection
	GlobalSection(SolutionProperties) = preSolution
		HideSolutionNode = FALSE
	EndGlobalSection
	GlobalSection(ExtensibilityGlobals) = postSolution
		SolutionGuid = {A510E96D-FAE0-48CF-8E8B-C49CF3487C26}
	EndGlobalSection
EndGlobal
